
Microsoft Visual Studio Solution File, Format Version 12.00
# Visual Studio Version 17
VisualStudioVersion = 17.9.34616.47
MinimumVisualStudioVersion = 10.0.40219.1
Project("{2150E333-8FDC-42A3-9474-1A3956D46DE8}") = "Services", "Services", "{EFF4013A-6B35-4CEA-A227-C9AD6770C222}"
EndProject
Project("{2150E333-8FDC-42A3-9474-1A3956D46DE8}") = "STBEverywhere", "STBEverywhere", "{E4FA6766-79CE-4847-ABB0-0AF4D3FE6D40}"
EndProject
Project("{9A19103F-16F7-4668-BE54-9A1E7A4F7556}") = "STBEverywhere.API", "Services\STBEverywhere\STBEverywhere.API\STBEverywhere.API.csproj", "{2118A2DD-C477-45E2-A251-C2C5CAE752F5}"
EndProject
Project("{9A19103F-16F7-4668-BE54-9A1E7A4F7556}") = "STBEverywhere.Domain", "Services\STBEverywhere\STBEverywhere.Domain\STBEverywhere.Domain.csproj", "{AC3D52F7-3DB1-4C10-BB6F-2DD7C7B9F896}"
EndProject
Project("{9A19103F-16F7-4668-BE54-9A1E7A4F7556}") = "STBEverywhere.Application", "Services\STBEverywhere\STBEverywhere.Application\STBEverywhere.Application.csproj", "{FB181895-B3DA-4979-9FF8-5164972B0B10}"
EndProject
Project("{9A19103F-16F7-4668-BE54-9A1E7A4F7556}") = "STBEverywhere.Infrastructure", "Services\STBEverywhere\STBEverywhere.Infrastructure\STBEverywhere.Infrastructure.csproj", "{C2B2BEF1-81EA-4983-8A85-72963769B400}"
EndProject
Project("{2150E333-8FDC-42A3-9474-1A3956D46DE8}") = "BuildingBlocks", "BuildingBlocks", "{73365FAD-808D-4E7A-A0BC-881A81650CEF}"
EndProject
Project("{9A19103F-16F7-4668-BE54-9A1E7A4F7556}") = "BuildingBlocks", "BuildingBlocks\BuildingBlocks\BuildingBlocks.csproj", "{6B21195F-C89C-4FB9-95EA-2329DEEBC588}"
EndProject
Global
	GlobalSection(SolutionConfigurationPlatforms) = preSolution
		Debug|Any CPU = Debug|Any CPU
		Release|Any CPU = Release|Any CPU
	EndGlobalSection
	GlobalSection(ProjectConfigurationPlatforms) = postSolution
		{2118A2DD-C477-45E2-A251-C2C5CAE752F5}.Debug|Any CPU.ActiveCfg = Debug|Any CPU
		{2118A2DD-C477-45E2-A251-C2C5CAE752F5}.Debug|Any CPU.Build.0 = Debug|Any CPU
		{2118A2DD-C477-45E2-A251-C2C5CAE752F5}.Release|Any CPU.ActiveCfg = Release|Any CPU
		{2118A2DD-C477-45E2-A251-C2C5CAE752F5}.Release|Any CPU.Build.0 = Release|Any CPU
		{AC3D52F7-3DB1-4C10-BB6F-2DD7C7B9F896}.Debug|Any CPU.ActiveCfg = Debug|Any CPU
		{AC3D52F7-3DB1-4C10-BB6F-2DD7C7B9F896}.Debug|Any CPU.Build.0 = Debug|Any CPU
		{AC3D52F7-3DB1-4C10-BB6F-2DD7C7B9F896}.Release|Any CPU.ActiveCfg = Release|Any CPU
		{AC3D52F7-3DB1-4C10-BB6F-2DD7C7B9F896}.Release|Any CPU.Build.0 = Release|Any CPU
		{FB181895-B3DA-4979-9FF8-5164972B0B10}.Debug|Any CPU.ActiveCfg = Debug|Any CPU
		{FB181895-B3DA-4979-9FF8-5164972B0B10}.Debug|Any CPU.Build.0 = Debug|Any CPU
		{FB181895-B3DA-4979-9FF8-5164972B0B10}.Release|Any CPU.ActiveCfg = Release|Any CPU
		{FB181895-B3DA-4979-9FF8-5164972B0B10}.Release|Any CPU.Build.0 = Release|Any CPU
		{C2B2BEF1-81EA-4983-8A85-72963769B400}.Debug|Any CPU.ActiveCfg = Debug|Any CPU
		{C2B2BEF1-81EA-4983-8A85-72963769B400}.Debug|Any CPU.Build.0 = Debug|Any CPU
		{C2B2BEF1-81EA-4983-8A85-72963769B400}.Release|Any CPU.ActiveCfg = Release|Any CPU
		{C2B2BEF1-81EA-4983-8A85-72963769B400}.Release|Any CPU.Build.0 = Release|Any CPU
		{6B21195F-C89C-4FB9-95EA-2329DEEBC588}.Debug|Any CPU.ActiveCfg = Debug|Any CPU
		{6B21195F-C89C-4FB9-95EA-2329DEEBC588}.Debug|Any CPU.Build.0 = Debug|Any CPU
		{6B21195F-C89C-4FB9-95EA-2329DEEBC588}.Release|Any CPU.ActiveCfg = Release|Any CPU
		{6B21195F-C89C-4FB9-95EA-2329DEEBC588}.Release|Any CPU.Build.0 = Release|Any CPU
	EndGlobalSection
	GlobalSection(SolutionProperties) = preSolution
		HideSolutionNode = FALSE
	EndGlobalSection
	GlobalSection(NestedProjects) = preSolution
		{E4FA6766-79CE-4847-ABB0-0AF4D3FE6D40} = {EFF4013A-6B35-4CEA-A227-C9AD6770C222}
		{2118A2DD-C477-45E2-A251-C2C5CAE752F5} = {E4FA6766-79CE-4847-ABB0-0AF4D3FE6D40}
		{AC3D52F7-3DB1-4C10-BB6F-2DD7C7B9F896} = {E4FA6766-79CE-4847-ABB0-0AF4D3FE6D40}
		{FB181895-B3DA-4979-9FF8-5164972B0B10} = {E4FA6766-79CE-4847-ABB0-0AF4D3FE6D40}
		{C2B2BEF1-81EA-4983-8A85-72963769B400} = {E4FA6766-79CE-4847-ABB0-0AF4D3FE6D40}
		{6B21195F-C89C-4FB9-95EA-2329DEEBC588} = {73365FAD-808D-4E7A-A0BC-881A81650CEF}
	EndGlobalSection
	GlobalSection(ExtensibilityGlobals) = postSolution
		SolutionGuid = {1D0871B7-AA82-4A3A-B201-FC2053D17ED1}
	EndGlobalSection
EndGlobal
