
Microsoft Visual Studio Solution File, Format Version 12.00
# Visual Studio Version 17
VisualStudioVersion = 17.8.34511.84
MinimumVisualStudioVersion = 10.0.40219.1
Project("{2150E333-8FDC-42A3-9474-1A3956D46DE8}") = "Services", "Services", "{871A0DB1-DAA4-4430-BF6D-179A313588B9}"
EndProject
Project("{2150E333-8FDC-42A3-9474-1A3956D46DE8}") = "SMS", "SMS", "{CBE6F80F-581B-4A9D-AAC3-BF65F83678B0}"
EndProject
Project("{FAE04EC0-301F-11D3-BF4B-00C04F79EFBC}") = "SmsNotifaction", "SmsNotifaction\SmsNotifaction.csproj", "{E3BAED61-D2C3-4E90-B40E-69468C4E69D5}"
EndProject
Global
	GlobalSection(SolutionConfigurationPlatforms) = preSolution
		Debug|Any CPU = Debug|Any CPU
		Release|Any CPU = Release|Any CPU
	EndGlobalSection
	GlobalSection(ProjectConfigurationPlatforms) = postSolution
		{E3BAED61-D2C3-4E90-B40E-69468C4E69D5}.Debug|Any CPU.ActiveCfg = Debug|Any CPU
		{E3BAED61-D2C3-4E90-B40E-69468C4E69D5}.Debug|Any CPU.Build.0 = Debug|Any CPU
		{E3BAED61-D2C3-4E90-B40E-69468C4E69D5}.Release|Any CPU.ActiveCfg = Release|Any CPU
		{E3BAED61-D2C3-4E90-B40E-69468C4E69D5}.Release|Any CPU.Build.0 = Release|Any CPU
	EndGlobalSection
	GlobalSection(SolutionProperties) = preSolution
		HideSolutionNode = FALSE
	EndGlobalSection
	GlobalSection(NestedProjects) = preSolution
		{CBE6F80F-581B-4A9D-AAC3-BF65F83678B0} = {871A0DB1-DAA4-4430-BF6D-179A313588B9}
		{E3BAED61-D2C3-4E90-B40E-69468C4E69D5} = {CBE6F80F-581B-4A9D-AAC3-BF65F83678B0}
	EndGlobalSection
	GlobalSection(ExtensibilityGlobals) = postSolution
		SolutionGuid = {7D2ACC90-E582-41B1-AF55-FDE92A8D90EB}
	EndGlobalSection
EndGlobal
